# This file is automatically @generated by Cargo.
# It is not intended for manual editing.
version = 4

[[package]]
name = "crash_upload"
version = "0.1.0"
dependencies = [
 "curl_interface",
 "json_parser_interface",
 "platform_interface",
 "utils",
]

[[package]]
name = "curl_interface"
version = "0.1.0"

[[package]]
name = "json_parser_interface"
version = "0.1.0"

[[package]]
name = "platform_interface"
version = "0.1.0"

[[package]]
name = "utils"
version = "0.1.0"
